
Microsoft Visual Studio Solution File, Format Version 12.00
# Visual Studio 2013
VisualStudioVersion = 12.0.40629.0
MinimumVisualStudioVersion = 10.0.40219.1
Project("{FAE04EC0-301F-11D3-BF4B-00C04F79EFBC}") = "LogControl", "LogControl\LogControl.csproj", "{4CF36A33-71AD-45EE-8793-2D27D35C6ECA}"
EndProject
Project("{FAE04EC0-301F-11D3-BF4B-00C04F79EFBC}") = "AccessControl", "AccessControl\AccessControl.csproj", "{2F7A2154-7099-49B4-9B0C-4BAE32BE1AA8}"
EndProject
Project("{FAE04EC0-301F-11D3-BF4B-00C04F79EFBC}") = "UpgradeControl", "UpgradeControl\UpgradeControl.csproj", "{85604B5C-148E-49AA-91CF-6F4114628890}"
EndProject
Project("{FAE04EC0-301F-11D3-BF4B-00C04F79EFBC}") = "SlaveControl", "SlaveControl\SlaveControl.csproj", "{54FB714C-00C1-48C6-9652-E99B7CEA6875}"
EndProject
Project("{FAE04EC0-301F-11D3-BF4B-00C04F79EFBC}") = "WiegandControl", "WiegandControl\WiegandControl.csproj", "{EC693A22-796B-4D83-AD9C-5BE4FDCCAE94}"
EndProject
Project("{FAE04EC0-301F-11D3-BF4B-00C04F79EFBC}") = "DeviceControl", "DeviceControl\DeviceControl.csproj", "{CA33FC95-688F-4744-ACBF-05C23FFE2005}"
EndProject
Project("{FAE04EC0-301F-11D3-BF4B-00C04F79EFBC}") = "CardControl", "CardControl\CardControl.csproj", "{E17D085C-2A34-443D-BA7A-E6678F74AF1A}"
EndProject
Project("{FAE04EC0-301F-11D3-BF4B-00C04F79EFBC}") = "DoorControl", "DoorControl\DoorControl.csproj", "{28E015E1-9AA0-468B-B53C-887C50AD62DB}"
EndProject
Project("{FAE04EC0-301F-11D3-BF4B-00C04F79EFBC}") = "ServerMatchingControl", "ServerMatchingControl\ServerMatchingControl.csproj", "{6C6A3C0C-A48F-4DEF-AF23-195BEBE31C6B}"
EndProject
Project("{FAE04EC0-301F-11D3-BF4B-00C04F79EFBC}") = "NotificationControl", "NotificationControl\NotificationControl.csproj", "{112CB370-BDB3-40C5-84D1-857EAA8015DE}"
EndProject
Project("{FAE04EC0-301F-11D3-BF4B-00C04F79EFBC}") = "ZoneControl", "ZoneControl\ZoneControl.csproj", "{BF4B863E-8175-4033-A238-812F0CE98345}"
EndProject
Project("{FAE04EC0-301F-11D3-BF4B-00C04F79EFBC}") = "UserControl", "UserControl\UserControl.csproj", "{7B1CF584-904F-4745-8724-115A461751B1}"
EndProject
Project("{FAE04EC0-301F-11D3-BF4B-00C04F79EFBC}") = "ConfigControl", "ConfigControl\ConfigControl.csproj", "{4B5949DF-BA66-4C5D-8287-A9F26FFEDD91}"
EndProject
Project("{FAE04EC0-301F-11D3-BF4B-00C04F79EFBC}") = "LiftControl", "LiftControl\LiftControl.csproj", "{8297F6F3-4B75-471C-9644-CCB81BFB66D0}"
EndProject
Project("{FAE04EC0-301F-11D3-BF4B-00C04F79EFBC}") = "USBControl", "USBControl\USBControl.csproj", "{E8242049-5AA7-4CF7-9B9A-50D7C1DDC873}"
EndProject
Project("{FAE04EC0-301F-11D3-BF4B-00C04F79EFBC}") = "DeviceZoneControl", "DeviceZoneControl\DeviceZoneControl.csproj", "{B8D31B65-3881-403F-8BDB-A741392DDEB2}"
EndProject
Project("{FAE04EC0-301F-11D3-BF4B-00C04F79EFBC}") = "GlobalAPBZoneControl", "GlobalAPBZoneControl\GlobalAPBZoneControl.csproj", "{4A8320F3-316D-4D48-BA82-6D25012D719E}"
EndProject
Project("{FAE04EC0-301F-11D3-BF4B-00C04F79EFBC}") = "V2.6.3_Control", "V2.6.3_Control\V2.6.3_Control.csproj", "{C1333014-0A6B-4C63-A72B-DF971713EDDA}"
EndProject
Project("{FAE04EC0-301F-11D3-BF4B-00C04F79EFBC}") = "GlobalAPBZoneByDoorOpenControl", "GlobalAPBZoneByDoorOpenControl\GlobalAPBZoneByDoorOpenControl.csproj", "{62A34A52-4F4C-4CA8-8343-E8FBC0CF5E3A}"
EndProject
Global
	GlobalSection(SolutionConfigurationPlatforms) = preSolution
		Debug|Any CPU = Debug|Any CPU
		Debug|Mixed Platforms = Debug|Mixed Platforms
		Debug|x64 = Debug|x64
		Debug|x86 = Debug|x86
		Release|Any CPU = Release|Any CPU
		Release|Mixed Platforms = Release|Mixed Platforms
		Release|x64 = Release|x64
		Release|x86 = Release|x86
	EndGlobalSection
	GlobalSection(ProjectConfigurationPlatforms) = postSolution
		{4CF36A33-71AD-45EE-8793-2D27D35C6ECA}.Debug|Any CPU.ActiveCfg = Debug|x86
		{4CF36A33-71AD-45EE-8793-2D27D35C6ECA}.Debug|Mixed Platforms.ActiveCfg = Debug|x86
		{4CF36A33-71AD-45EE-8793-2D27D35C6ECA}.Debug|Mixed Platforms.Build.0 = Debug|x86
		{4CF36A33-71AD-45EE-8793-2D27D35C6ECA}.Debug|x64.ActiveCfg = Debug|x64
		{4CF36A33-71AD-45EE-8793-2D27D35C6ECA}.Debug|x64.Build.0 = Debug|x64
		{4CF36A33-71AD-45EE-8793-2D27D35C6ECA}.Debug|x86.ActiveCfg = Debug|x86
		{4CF36A33-71AD-45EE-8793-2D27D35C6ECA}.Debug|x86.Build.0 = Debug|x86
		{4CF36A33-71AD-45EE-8793-2D27D35C6ECA}.Release|Any CPU.ActiveCfg = Release|x86
		{4CF36A33-71AD-45EE-8793-2D27D35C6ECA}.Release|Mixed Platforms.ActiveCfg = Release|x86
		{4CF36A33-71AD-45EE-8793-2D27D35C6ECA}.Release|Mixed Platforms.Build.0 = Release|x86
		{4CF36A33-71AD-45EE-8793-2D27D35C6ECA}.Release|x64.ActiveCfg = Release|x64
		{4CF36A33-71AD-45EE-8793-2D27D35C6ECA}.Release|x64.Build.0 = Release|x64
		{4CF36A33-71AD-45EE-8793-2D27D35C6ECA}.Release|x86.ActiveCfg = Release|x86
		{4CF36A33-71AD-45EE-8793-2D27D35C6ECA}.Release|x86.Build.0 = Release|x86
		{2F7A2154-7099-49B4-9B0C-4BAE32BE1AA8}.Debug|Any CPU.ActiveCfg = Debug|x86
		{2F7A2154-7099-49B4-9B0C-4BAE32BE1AA8}.Debug|Mixed Platforms.ActiveCfg = Debug|x86
		{2F7A2154-7099-49B4-9B0C-4BAE32BE1AA8}.Debug|Mixed Platforms.Build.0 = Debug|x86
		{2F7A2154-7099-49B4-9B0C-4BAE32BE1AA8}.Debug|x64.ActiveCfg = Debug|x64
		{2F7A2154-7099-49B4-9B0C-4BAE32BE1AA8}.Debug|x64.Build.0 = Debug|x64
		{2F7A2154-7099-49B4-9B0C-4BAE32BE1AA8}.Debug|x86.ActiveCfg = Debug|x86
		{2F7A2154-7099-49B4-9B0C-4BAE32BE1AA8}.Debug|x86.Build.0 = Debug|x86
		{2F7A2154-7099-49B4-9B0C-4BAE32BE1AA8}.Release|Any CPU.ActiveCfg = Release|x86
		{2F7A2154-7099-49B4-9B0C-4BAE32BE1AA8}.Release|Mixed Platforms.ActiveCfg = Release|x86
		{2F7A2154-7099-49B4-9B0C-4BAE32BE1AA8}.Release|Mixed Platforms.Build.0 = Release|x86
		{2F7A2154-7099-49B4-9B0C-4BAE32BE1AA8}.Release|x64.ActiveCfg = Release|x64
		{2F7A2154-7099-49B4-9B0C-4BAE32BE1AA8}.Release|x64.Build.0 = Release|x64
		{2F7A2154-7099-49B4-9B0C-4BAE32BE1AA8}.Release|x86.ActiveCfg = Release|x86
		{2F7A2154-7099-49B4-9B0C-4BAE32BE1AA8}.Release|x86.Build.0 = Release|x86
		{85604B5C-148E-49AA-91CF-6F4114628890}.Debug|Any CPU.ActiveCfg = Debug|x86
		{85604B5C-148E-49AA-91CF-6F4114628890}.Debug|Mixed Platforms.ActiveCfg = Debug|x86
		{85604B5C-148E-49AA-91CF-6F4114628890}.Debug|Mixed Platforms.Build.0 = Debug|x86
		{85604B5C-148E-49AA-91CF-6F4114628890}.Debug|x64.ActiveCfg = Debug|x64
		{85604B5C-148E-49AA-91CF-6F4114628890}.Debug|x64.Build.0 = Debug|x64
		{85604B5C-148E-49AA-91CF-6F4114628890}.Debug|x86.ActiveCfg = Debug|x86
		{85604B5C-148E-49AA-91CF-6F4114628890}.Debug|x86.Build.0 = Debug|x86
		{85604B5C-148E-49AA-91CF-6F4114628890}.Release|Any CPU.ActiveCfg = Release|x86
		{85604B5C-148E-49AA-91CF-6F4114628890}.Release|Mixed Platforms.ActiveCfg = Release|x86
		{85604B5C-148E-49AA-91CF-6F4114628890}.Release|Mixed Platforms.Build.0 = Release|x86
		{85604B5C-148E-49AA-91CF-6F4114628890}.Release|x64.ActiveCfg = Release|x64
		{85604B5C-148E-49AA-91CF-6F4114628890}.Release|x64.Build.0 = Release|x64
		{85604B5C-148E-49AA-91CF-6F4114628890}.Release|x86.ActiveCfg = Release|x86
		{85604B5C-148E-49AA-91CF-6F4114628890}.Release|x86.Build.0 = Release|x86
		{54FB714C-00C1-48C6-9652-E99B7CEA6875}.Debug|Any CPU.ActiveCfg = Debug|x86
		{54FB714C-00C1-48C6-9652-E99B7CEA6875}.Debug|Mixed Platforms.ActiveCfg = Debug|x86
		{54FB714C-00C1-48C6-9652-E99B7CEA6875}.Debug|Mixed Platforms.Build.0 = Debug|x86
		{54FB714C-00C1-48C6-9652-E99B7CEA6875}.Debug|x64.ActiveCfg = Debug|x64
		{54FB714C-00C1-48C6-9652-E99B7CEA6875}.Debug|x64.Build.0 = Debug|x64
		{54FB714C-00C1-48C6-9652-E99B7CEA6875}.Debug|x86.ActiveCfg = Debug|x86
		{54FB714C-00C1-48C6-9652-E99B7CEA6875}.Debug|x86.Build.0 = Debug|x86
		{54FB714C-00C1-48C6-9652-E99B7CEA6875}.Release|Any CPU.ActiveCfg = Release|x86
		{54FB714C-00C1-48C6-9652-E99B7CEA6875}.Release|Mixed Platforms.ActiveCfg = Release|x86
		{54FB714C-00C1-48C6-9652-E99B7CEA6875}.Release|Mixed Platforms.Build.0 = Release|x86
		{54FB714C-00C1-48C6-9652-E99B7CEA6875}.Release|x64.ActiveCfg = Release|x64
		{54FB714C-00C1-48C6-9652-E99B7CEA6875}.Release|x64.Build.0 = Release|x64
		{54FB714C-00C1-48C6-9652-E99B7CEA6875}.Release|x86.ActiveCfg = Release|x86
		{54FB714C-00C1-48C6-9652-E99B7CEA6875}.Release|x86.Build.0 = Release|x86
		{EC693A22-796B-4D83-AD9C-5BE4FDCCAE94}.Debug|Any CPU.ActiveCfg = Debug|x86
		{EC693A22-796B-4D83-AD9C-5BE4FDCCAE94}.Debug|Mixed Platforms.ActiveCfg = Debug|x86
		{EC693A22-796B-4D83-AD9C-5BE4FDCCAE94}.Debug|Mixed Platforms.Build.0 = Debug|x86
		{EC693A22-796B-4D83-AD9C-5BE4FDCCAE94}.Debug|x64.ActiveCfg = Debug|x64
		{EC693A22-796B-4D83-AD9C-5BE4FDCCAE94}.Debug|x64.Build.0 = Debug|x64
		{EC693A22-796B-4D83-AD9C-5BE4FDCCAE94}.Debug|x86.ActiveCfg = Debug|x86
		{EC693A22-796B-4D83-AD9C-5BE4FDCCAE94}.Debug|x86.Build.0 = Debug|x86
		{EC693A22-796B-4D83-AD9C-5BE4FDCCAE94}.Release|Any CPU.ActiveCfg = Release|x86
		{EC693A22-796B-4D83-AD9C-5BE4FDCCAE94}.Release|Mixed Platforms.ActiveCfg = Release|x86
		{EC693A22-796B-4D83-AD9C-5BE4FDCCAE94}.Release|Mixed Platforms.Build.0 = Release|x86
		{EC693A22-796B-4D83-AD9C-5BE4FDCCAE94}.Release|x64.ActiveCfg = Release|x64
		{EC693A22-796B-4D83-AD9C-5BE4FDCCAE94}.Release|x64.Build.0 = Release|x64
		{EC693A22-796B-4D83-AD9C-5BE4FDCCAE94}.Release|x86.ActiveCfg = Release|x86
		{EC693A22-796B-4D83-AD9C-5BE4FDCCAE94}.Release|x86.Build.0 = Release|x86
		{CA33FC95-688F-4744-ACBF-05C23FFE2005}.Debug|Any CPU.ActiveCfg = Debug|x86
		{CA33FC95-688F-4744-ACBF-05C23FFE2005}.Debug|Mixed Platforms.ActiveCfg = Debug|x86
		{CA33FC95-688F-4744-ACBF-05C23FFE2005}.Debug|Mixed Platforms.Build.0 = Debug|x86
		{CA33FC95-688F-4744-ACBF-05C23FFE2005}.Debug|x64.ActiveCfg = Debug|x64
		{CA33FC95-688F-4744-ACBF-05C23FFE2005}.Debug|x64.Build.0 = Debug|x64
		{CA33FC95-688F-4744-ACBF-05C23FFE2005}.Debug|x86.ActiveCfg = Debug|x86
		{CA33FC95-688F-4744-ACBF-05C23FFE2005}.Debug|x86.Build.0 = Debug|x86
		{CA33FC95-688F-4744-ACBF-05C23FFE2005}.Release|Any CPU.ActiveCfg = Release|x86
		{CA33FC95-688F-4744-ACBF-05C23FFE2005}.Release|Mixed Platforms.ActiveCfg = Release|x86
		{CA33FC95-688F-4744-ACBF-05C23FFE2005}.Release|Mixed Platforms.Build.0 = Release|x86
		{CA33FC95-688F-4744-ACBF-05C23FFE2005}.Release|x64.ActiveCfg = Release|x64
		{CA33FC95-688F-4744-ACBF-05C23FFE2005}.Release|x64.Build.0 = Release|x64
		{CA33FC95-688F-4744-ACBF-05C23FFE2005}.Release|x86.ActiveCfg = Release|x86
		{CA33FC95-688F-4744-ACBF-05C23FFE2005}.Release|x86.Build.0 = Release|x86
		{E17D085C-2A34-443D-BA7A-E6678F74AF1A}.Debug|Any CPU.ActiveCfg = Debug|x86
		{E17D085C-2A34-443D-BA7A-E6678F74AF1A}.Debug|Mixed Platforms.ActiveCfg = Debug|x86
		{E17D085C-2A34-443D-BA7A-E6678F74AF1A}.Debug|Mixed Platforms.Build.0 = Debug|x86
		{E17D085C-2A34-443D-BA7A-E6678F74AF1A}.Debug|x64.ActiveCfg = Debug|x64
		{E17D085C-2A34-443D-BA7A-E6678F74AF1A}.Debug|x64.Build.0 = Debug|x64
		{E17D085C-2A34-443D-BA7A-E6678F74AF1A}.Debug|x86.ActiveCfg = Debug|x86
		{E17D085C-2A34-443D-BA7A-E6678F74AF1A}.Debug|x86.Build.0 = Debug|x86
		{E17D085C-2A34-443D-BA7A-E6678F74AF1A}.Release|Any CPU.ActiveCfg = Release|x86
		{E17D085C-2A34-443D-BA7A-E6678F74AF1A}.Release|Mixed Platforms.ActiveCfg = Release|x86
		{E17D085C-2A34-443D-BA7A-E6678F74AF1A}.Release|Mixed Platforms.Build.0 = Release|x86
		{E17D085C-2A34-443D-BA7A-E6678F74AF1A}.Release|x64.ActiveCfg = Release|x64
		{E17D085C-2A34-443D-BA7A-E6678F74AF1A}.Release|x64.Build.0 = Release|x64
		{E17D085C-2A34-443D-BA7A-E6678F74AF1A}.Release|x86.ActiveCfg = Release|x86
		{E17D085C-2A34-443D-BA7A-E6678F74AF1A}.Release|x86.Build.0 = Release|x86
		{28E015E1-9AA0-468B-B53C-887C50AD62DB}.Debug|Any CPU.ActiveCfg = Debug|x86
		{28E015E1-9AA0-468B-B53C-887C50AD62DB}.Debug|Mixed Platforms.ActiveCfg = Debug|x86
		{28E015E1-9AA0-468B-B53C-887C50AD62DB}.Debug|Mixed Platforms.Build.0 = Debug|x86
		{28E015E1-9AA0-468B-B53C-887C50AD62DB}.Debug|x64.ActiveCfg = Debug|x64
		{28E015E1-9AA0-468B-B53C-887C50AD62DB}.Debug|x64.Build.0 = Debug|x64
		{28E015E1-9AA0-468B-B53C-887C50AD62DB}.Debug|x86.ActiveCfg = Debug|x86
		{28E015E1-9AA0-468B-B53C-887C50AD62DB}.Debug|x86.Build.0 = Debug|x86
		{28E015E1-9AA0-468B-B53C-887C50AD62DB}.Release|Any CPU.ActiveCfg = Release|x86
		{28E015E1-9AA0-468B-B53C-887C50AD62DB}.Release|Mixed Platforms.ActiveCfg = Release|x86
		{28E015E1-9AA0-468B-B53C-887C50AD62DB}.Release|Mixed Platforms.Build.0 = Release|x86
		{28E015E1-9AA0-468B-B53C-887C50AD62DB}.Release|x64.ActiveCfg = Release|x64
		{28E015E1-9AA0-468B-B53C-887C50AD62DB}.Release|x64.Build.0 = Release|x64
		{28E015E1-9AA0-468B-B53C-887C50AD62DB}.Release|x86.ActiveCfg = Release|x86
		{28E015E1-9AA0-468B-B53C-887C50AD62DB}.Release|x86.Build.0 = Release|x86
		{6C6A3C0C-A48F-4DEF-AF23-195BEBE31C6B}.Debug|Any CPU.ActiveCfg = Debug|x86
		{6C6A3C0C-A48F-4DEF-AF23-195BEBE31C6B}.Debug|Mixed Platforms.ActiveCfg = Debug|x86
		{6C6A3C0C-A48F-4DEF-AF23-195BEBE31C6B}.Debug|Mixed Platforms.Build.0 = Debug|x86
		{6C6A3C0C-A48F-4DEF-AF23-195BEBE31C6B}.Debug|x64.ActiveCfg = Debug|x64
		{6C6A3C0C-A48F-4DEF-AF23-195BEBE31C6B}.Debug|x64.Build.0 = Debug|x64
		{6C6A3C0C-A48F-4DEF-AF23-195BEBE31C6B}.Debug|x86.ActiveCfg = Debug|x86
		{6C6A3C0C-A48F-4DEF-AF23-195BEBE31C6B}.Debug|x86.Build.0 = Debug|x86
		{6C6A3C0C-A48F-4DEF-AF23-195BEBE31C6B}.Release|Any CPU.ActiveCfg = Release|x86
		{6C6A3C0C-A48F-4DEF-AF23-195BEBE31C6B}.Release|Mixed Platforms.ActiveCfg = Release|x86
		{6C6A3C0C-A48F-4DEF-AF23-195BEBE31C6B}.Release|Mixed Platforms.Build.0 = Release|x86
		{6C6A3C0C-A48F-4DEF-AF23-195BEBE31C6B}.Release|x64.ActiveCfg = Release|x64
		{6C6A3C0C-A48F-4DEF-AF23-195BEBE31C6B}.Release|x64.Build.0 = Release|x64
		{6C6A3C0C-A48F-4DEF-AF23-195BEBE31C6B}.Release|x86.ActiveCfg = Release|x86
		{6C6A3C0C-A48F-4DEF-AF23-195BEBE31C6B}.Release|x86.Build.0 = Release|x86
		{112CB370-BDB3-40C5-84D1-857EAA8015DE}.Debug|Any CPU.ActiveCfg = Debug|x86
		{112CB370-BDB3-40C5-84D1-857EAA8015DE}.Debug|Mixed Platforms.ActiveCfg = Debug|x86
		{112CB370-BDB3-40C5-84D1-857EAA8015DE}.Debug|Mixed Platforms.Build.0 = Debug|x86
		{112CB370-BDB3-40C5-84D1-857EAA8015DE}.Debug|x64.ActiveCfg = Debug|x64
		{112CB370-BDB3-40C5-84D1-857EAA8015DE}.Debug|x64.Build.0 = Debug|x64
		{112CB370-BDB3-40C5-84D1-857EAA8015DE}.Debug|x86.ActiveCfg = Debug|x86
		{112CB370-BDB3-40C5-84D1-857EAA8015DE}.Debug|x86.Build.0 = Debug|x86
		{112CB370-BDB3-40C5-84D1-857EAA8015DE}.Release|Any CPU.ActiveCfg = Release|x86
		{112CB370-BDB3-40C5-84D1-857EAA8015DE}.Release|Mixed Platforms.ActiveCfg = Release|x86
		{112CB370-BDB3-40C5-84D1-857EAA8015DE}.Release|Mixed Platforms.Build.0 = Release|x86
		{112CB370-BDB3-40C5-84D1-857EAA8015DE}.Release|x64.ActiveCfg = Release|x64
		{112CB370-BDB3-40C5-84D1-857EAA8015DE}.Release|x64.Build.0 = Release|x64
		{112CB370-BDB3-40C5-84D1-857EAA8015DE}.Release|x86.ActiveCfg = Release|x86
		{112CB370-BDB3-40C5-84D1-857EAA8015DE}.Release|x86.Build.0 = Release|x86
		{BF4B863E-8175-4033-A238-812F0CE98345}.Debug|Any CPU.ActiveCfg = Debug|x86
		{BF4B863E-8175-4033-A238-812F0CE98345}.Debug|Mixed Platforms.ActiveCfg = Debug|x86
		{BF4B863E-8175-4033-A238-812F0CE98345}.Debug|Mixed Platforms.Build.0 = Debug|x86
		{BF4B863E-8175-4033-A238-812F0CE98345}.Debug|x64.ActiveCfg = Debug|x64
		{BF4B863E-8175-4033-A238-812F0CE98345}.Debug|x64.Build.0 = Debug|x64
		{BF4B863E-8175-4033-A238-812F0CE98345}.Debug|x86.ActiveCfg = Debug|x86
		{BF4B863E-8175-4033-A238-812F0CE98345}.Debug|x86.Build.0 = Debug|x86
		{BF4B863E-8175-4033-A238-812F0CE98345}.Release|Any CPU.ActiveCfg = Release|x86
		{BF4B863E-8175-4033-A238-812F0CE98345}.Release|Mixed Platforms.ActiveCfg = Release|x86
		{BF4B863E-8175-4033-A238-812F0CE98345}.Release|Mixed Platforms.Build.0 = Release|x86
		{BF4B863E-8175-4033-A238-812F0CE98345}.Release|x64.ActiveCfg = Release|x64
		{BF4B863E-8175-4033-A238-812F0CE98345}.Release|x64.Build.0 = Release|x64
		{BF4B863E-8175-4033-A238-812F0CE98345}.Release|x86.ActiveCfg = Release|x86
		{BF4B863E-8175-4033-A238-812F0CE98345}.Release|x86.Build.0 = Release|x86
		{7B1CF584-904F-4745-8724-115A461751B1}.Debug|Any CPU.ActiveCfg = Debug|x86
		{7B1CF584-904F-4745-8724-115A461751B1}.Debug|Mixed Platforms.ActiveCfg = Debug|x86
		{7B1CF584-904F-4745-8724-115A461751B1}.Debug|Mixed Platforms.Build.0 = Debug|x86
		{7B1CF584-904F-4745-8724-115A461751B1}.Debug|x64.ActiveCfg = Debug|x64
		{7B1CF584-904F-4745-8724-115A461751B1}.Debug|x64.Build.0 = Debug|x64
		{7B1CF584-904F-4745-8724-115A461751B1}.Debug|x86.ActiveCfg = Debug|x86
		{7B1CF584-904F-4745-8724-115A461751B1}.Debug|x86.Build.0 = Debug|x86
		{7B1CF584-904F-4745-8724-115A461751B1}.Release|Any CPU.ActiveCfg = Release|x86
		{7B1CF584-904F-4745-8724-115A461751B1}.Release|Mixed Platforms.ActiveCfg = Release|x86
		{7B1CF584-904F-4745-8724-115A461751B1}.Release|Mixed Platforms.Build.0 = Release|x86
		{7B1CF584-904F-4745-8724-115A461751B1}.Release|x64.ActiveCfg = Release|x64
		{7B1CF584-904F-4745-8724-115A461751B1}.Release|x64.Build.0 = Release|x64
		{7B1CF584-904F-4745-8724-115A461751B1}.Release|x86.ActiveCfg = Release|x86
		{7B1CF584-904F-4745-8724-115A461751B1}.Release|x86.Build.0 = Release|x86
		{4B5949DF-BA66-4C5D-8287-A9F26FFEDD91}.Debug|Any CPU.ActiveCfg = Debug|x86
		{4B5949DF-BA66-4C5D-8287-A9F26FFEDD91}.Debug|Mixed Platforms.ActiveCfg = Debug|x86
		{4B5949DF-BA66-4C5D-8287-A9F26FFEDD91}.Debug|Mixed Platforms.Build.0 = Debug|x86
		{4B5949DF-BA66-4C5D-8287-A9F26FFEDD91}.Debug|x64.ActiveCfg = Debug|x64
		{4B5949DF-BA66-4C5D-8287-A9F26FFEDD91}.Debug|x64.Build.0 = Debug|x64
		{4B5949DF-BA66-4C5D-8287-A9F26FFEDD91}.Debug|x86.ActiveCfg = Debug|x86
		{4B5949DF-BA66-4C5D-8287-A9F26FFEDD91}.Debug|x86.Build.0 = Debug|x86
		{4B5949DF-BA66-4C5D-8287-A9F26FFEDD91}.Release|Any CPU.ActiveCfg = Release|x86
		{4B5949DF-BA66-4C5D-8287-A9F26FFEDD91}.Release|Mixed Platforms.ActiveCfg = Release|x86
		{4B5949DF-BA66-4C5D-8287-A9F26FFEDD91}.Release|Mixed Platforms.Build.0 = Release|x86
		{4B5949DF-BA66-4C5D-8287-A9F26FFEDD91}.Release|x64.ActiveCfg = Release|x64
		{4B5949DF-BA66-4C5D-8287-A9F26FFEDD91}.Release|x64.Build.0 = Release|x64
		{4B5949DF-BA66-4C5D-8287-A9F26FFEDD91}.Release|x86.ActiveCfg = Release|x86
		{4B5949DF-BA66-4C5D-8287-A9F26FFEDD91}.Release|x86.Build.0 = Release|x86
		{8297F6F3-4B75-471C-9644-CCB81BFB66D0}.Debug|Any CPU.ActiveCfg = Debug|x86
		{8297F6F3-4B75-471C-9644-CCB81BFB66D0}.Debug|Mixed Platforms.ActiveCfg = Debug|x86
		{8297F6F3-4B75-471C-9644-CCB81BFB66D0}.Debug|Mixed Platforms.Build.0 = Debug|x86
		{8297F6F3-4B75-471C-9644-CCB81BFB66D0}.Debug|x64.ActiveCfg = Debug|x64
		{8297F6F3-4B75-471C-9644-CCB81BFB66D0}.Debug|x64.Build.0 = Debug|x64
		{8297F6F3-4B75-471C-9644-CCB81BFB66D0}.Debug|x86.ActiveCfg = Debug|x86
		{8297F6F3-4B75-471C-9644-CCB81BFB66D0}.Debug|x86.Build.0 = Debug|x86
		{8297F6F3-4B75-471C-9644-CCB81BFB66D0}.Release|Any CPU.ActiveCfg = Release|x86
		{8297F6F3-4B75-471C-9644-CCB81BFB66D0}.Release|Mixed Platforms.ActiveCfg = Release|x86
		{8297F6F3-4B75-471C-9644-CCB81BFB66D0}.Release|Mixed Platforms.Build.0 = Release|x86
		{8297F6F3-4B75-471C-9644-CCB81BFB66D0}.Release|x64.ActiveCfg = Release|x64
		{8297F6F3-4B75-471C-9644-CCB81BFB66D0}.Release|x64.Build.0 = Release|x64
		{8297F6F3-4B75-471C-9644-CCB81BFB66D0}.Release|x86.ActiveCfg = Release|x86
		{8297F6F3-4B75-471C-9644-CCB81BFB66D0}.Release|x86.Build.0 = Release|x86
		{E8242049-5AA7-4CF7-9B9A-50D7C1DDC873}.Debug|Any CPU.ActiveCfg = Debug|x86
		{E8242049-5AA7-4CF7-9B9A-50D7C1DDC873}.Debug|Mixed Platforms.ActiveCfg = Debug|x86
		{E8242049-5AA7-4CF7-9B9A-50D7C1DDC873}.Debug|Mixed Platforms.Build.0 = Debug|x86
		{E8242049-5AA7-4CF7-9B9A-50D7C1DDC873}.Debug|x64.ActiveCfg = Debug|x64
		{E8242049-5AA7-4CF7-9B9A-50D7C1DDC873}.Debug|x64.Build.0 = Debug|x64
		{E8242049-5AA7-4CF7-9B9A-50D7C1DDC873}.Debug|x86.ActiveCfg = Debug|x86
		{E8242049-5AA7-4CF7-9B9A-50D7C1DDC873}.Debug|x86.Build.0 = Debug|x86
		{E8242049-5AA7-4CF7-9B9A-50D7C1DDC873}.Release|Any CPU.ActiveCfg = Release|x86
		{E8242049-5AA7-4CF7-9B9A-50D7C1DDC873}.Release|Mixed Platforms.ActiveCfg = Release|x86
		{E8242049-5AA7-4CF7-9B9A-50D7C1DDC873}.Release|Mixed Platforms.Build.0 = Release|x86
		{E8242049-5AA7-4CF7-9B9A-50D7C1DDC873}.Release|x64.ActiveCfg = Release|x64
		{E8242049-5AA7-4CF7-9B9A-50D7C1DDC873}.Release|x64.Build.0 = Release|x64
		{E8242049-5AA7-4CF7-9B9A-50D7C1DDC873}.Release|x86.ActiveCfg = Release|x86
		{E8242049-5AA7-4CF7-9B9A-50D7C1DDC873}.Release|x86.Build.0 = Release|x86
		{B8D31B65-3881-403F-8BDB-A741392DDEB2}.Debug|Any CPU.ActiveCfg = Debug|x86
		{B8D31B65-3881-403F-8BDB-A741392DDEB2}.Debug|Mixed Platforms.ActiveCfg = Debug|x86
		{B8D31B65-3881-403F-8BDB-A741392DDEB2}.Debug|Mixed Platforms.Build.0 = Debug|x86
		{B8D31B65-3881-403F-8BDB-A741392DDEB2}.Debug|x64.ActiveCfg = Debug|x64
		{B8D31B65-3881-403F-8BDB-A741392DDEB2}.Debug|x64.Build.0 = Debug|x64
		{B8D31B65-3881-403F-8BDB-A741392DDEB2}.Debug|x86.ActiveCfg = Debug|x86
		{B8D31B65-3881-403F-8BDB-A741392DDEB2}.Debug|x86.Build.0 = Debug|x86
		{B8D31B65-3881-403F-8BDB-A741392DDEB2}.Release|Any CPU.ActiveCfg = Release|x86
		{B8D31B65-3881-403F-8BDB-A741392DDEB2}.Release|Mixed Platforms.ActiveCfg = Release|x86
		{B8D31B65-3881-403F-8BDB-A741392DDEB2}.Release|Mixed Platforms.Build.0 = Release|x86
		{B8D31B65-3881-403F-8BDB-A741392DDEB2}.Release|x64.ActiveCfg = Release|x64
		{B8D31B65-3881-403F-8BDB-A741392DDEB2}.Release|x64.Build.0 = Release|x64
		{B8D31B65-3881-403F-8BDB-A741392DDEB2}.Release|x86.ActiveCfg = Release|x86
		{B8D31B65-3881-403F-8BDB-A741392DDEB2}.Release|x86.Build.0 = Release|x86
		{4A8320F3-316D-4D48-BA82-6D25012D719E}.Debug|Any CPU.ActiveCfg = Debug|x86
		{4A8320F3-316D-4D48-BA82-6D25012D719E}.Debug|Mixed Platforms.ActiveCfg = Debug|x86
		{4A8320F3-316D-4D48-BA82-6D25012D719E}.Debug|Mixed Platforms.Build.0 = Debug|x86
		{4A8320F3-316D-4D48-BA82-6D25012D719E}.Debug|x64.ActiveCfg = Debug|x64
		{4A8320F3-316D-4D48-BA82-6D25012D719E}.Debug|x64.Build.0 = Debug|x64
		{4A8320F3-316D-4D48-BA82-6D25012D719E}.Debug|x86.ActiveCfg = Debug|x86
		{4A8320F3-316D-4D48-BA82-6D25012D719E}.Debug|x86.Build.0 = Debug|x86
		{4A8320F3-316D-4D48-BA82-6D25012D719E}.Release|Any CPU.ActiveCfg = Release|x86
		{4A8320F3-316D-4D48-BA82-6D25012D719E}.Release|Mixed Platforms.ActiveCfg = Release|x86
		{4A8320F3-316D-4D48-BA82-6D25012D719E}.Release|Mixed Platforms.Build.0 = Release|x86
		{4A8320F3-316D-4D48-BA82-6D25012D719E}.Release|x64.ActiveCfg = Release|x64
		{4A8320F3-316D-4D48-BA82-6D25012D719E}.Release|x64.Build.0 = Release|x64
		{4A8320F3-316D-4D48-BA82-6D25012D719E}.Release|x86.ActiveCfg = Release|x86
		{4A8320F3-316D-4D48-BA82-6D25012D719E}.Release|x86.Build.0 = Release|x86
		{C1333014-0A6B-4C63-A72B-DF971713EDDA}.Debug|Any CPU.ActiveCfg = Debug|x86
		{C1333014-0A6B-4C63-A72B-DF971713EDDA}.Debug|Mixed Platforms.ActiveCfg = Debug|x86
		{C1333014-0A6B-4C63-A72B-DF971713EDDA}.Debug|Mixed Platforms.Build.0 = Debug|x86
		{C1333014-0A6B-4C63-A72B-DF971713EDDA}.Debug|x64.ActiveCfg = Debug|x64
		{C1333014-0A6B-4C63-A72B-DF971713EDDA}.Debug|x64.Build.0 = Debug|x64
		{C1333014-0A6B-4C63-A72B-DF971713EDDA}.Debug|x86.ActiveCfg = Debug|x86
		{C1333014-0A6B-4C63-A72B-DF971713EDDA}.Debug|x86.Build.0 = Debug|x86
		{C1333014-0A6B-4C63-A72B-DF971713EDDA}.Release|Any CPU.ActiveCfg = Release|x86
		{C1333014-0A6B-4C63-A72B-DF971713EDDA}.Release|Mixed Platforms.ActiveCfg = Release|x86
		{C1333014-0A6B-4C63-A72B-DF971713EDDA}.Release|Mixed Platforms.Build.0 = Release|x86
		{C1333014-0A6B-4C63-A72B-DF971713EDDA}.Release|x64.ActiveCfg = Release|x64
		{C1333014-0A6B-4C63-A72B-DF971713EDDA}.Release|x64.Build.0 = Release|x64
		{C1333014-0A6B-4C63-A72B-DF971713EDDA}.Release|x86.ActiveCfg = Release|x86
		{C1333014-0A6B-4C63-A72B-DF971713EDDA}.Release|x86.Build.0 = Release|x86
		{62A34A52-4F4C-4CA8-8343-E8FBC0CF5E3A}.Debug|Any CPU.ActiveCfg = Debug|x86
		{62A34A52-4F4C-4CA8-8343-E8FBC0CF5E3A}.Debug|Mixed Platforms.ActiveCfg = Debug|x86
		{62A34A52-4F4C-4CA8-8343-E8FBC0CF5E3A}.Debug|Mixed Platforms.Build.0 = Debug|x86
		{62A34A52-4F4C-4CA8-8343-E8FBC0CF5E3A}.Debug|x64.ActiveCfg = Debug|x64
		{62A34A52-4F4C-4CA8-8343-E8FBC0CF5E3A}.Debug|x64.Build.0 = Debug|x64
		{62A34A52-4F4C-4CA8-8343-E8FBC0CF5E3A}.Debug|x86.ActiveCfg = Debug|x86
		{62A34A52-4F4C-4CA8-8343-E8FBC0CF5E3A}.Debug|x86.Build.0 = Debug|x86
		{62A34A52-4F4C-4CA8-8343-E8FBC0CF5E3A}.Release|Any CPU.ActiveCfg = Release|x86
		{62A34A52-4F4C-4CA8-8343-E8FBC0CF5E3A}.Release|Mixed Platforms.ActiveCfg = Release|x86
		{62A34A52-4F4C-4CA8-8343-E8FBC0CF5E3A}.Release|Mixed Platforms.Build.0 = Release|x86
		{62A34A52-4F4C-4CA8-8343-E8FBC0CF5E3A}.Release|x64.ActiveCfg = Release|x64
		{62A34A52-4F4C-4CA8-8343-E8FBC0CF5E3A}.Release|x64.Build.0 = Release|x64
		{62A34A52-4F4C-4CA8-8343-E8FBC0CF5E3A}.Release|x86.ActiveCfg = Release|x86
		{62A34A52-4F4C-4CA8-8343-E8FBC0CF5E3A}.Release|x86.Build.0 = Release|x86
	EndGlobalSection
	GlobalSection(SolutionProperties) = preSolution
		HideSolutionNode = FALSE
	EndGlobalSection
EndGlobal
